
Microsoft Visual Studio Solution File, Format Version 12.00
# Visual Studio Version 16
VisualStudioVersion = 16.0.29324.140
MinimumVisualStudioVersion = 10.0.40219.1
Project("{8BC9CEB8-8B4A-11D0-8D11-00A0C91BC942}") = "gat350", "gat350\gat350.vcxproj", "{B767CCB2-C2CE-431B-9BAD-838F7AC3C5D5}"
EndProject
Global
	GlobalSection(SolutionConfigurationPlatforms) = preSolution
		Debug|x64 = Debug|x64
		Debug|x86 = Debug|x86
		Release|x64 = Release|x64
		Release|x86 = Release|x86
	EndGlobalSection
	GlobalSection(ProjectConfigurationPlatforms) = postSolution
		{B767CCB2-C2CE-431B-9BAD-838F7AC3C5D5}.Debug|x64.ActiveCfg = Debug|x64
		{B767CCB2-C2CE-431B-9BAD-838F7AC3C5D5}.Debug|x64.Build.0 = Debug|x64
		{B767CCB2-C2CE-431B-9BAD-838F7AC3C5D5}.Debug|x86.ActiveCfg = Debug|Win32
		{B767CCB2-C2CE-431B-9BAD-838F7AC3C5D5}.Debug|x86.Build.0 = Debug|Win32
		{B767CCB2-C2CE-431B-9BAD-838F7AC3C5D5}.Release|x64.ActiveCfg = Release|x64
		{B767CCB2-C2CE-431B-9BAD-838F7AC3C5D5}.Release|x64.Build.0 = Release|x64
		{B767CCB2-C2CE-431B-9BAD-838F7AC3C5D5}.Release|x86.ActiveCfg = Release|Win32
		{B767CCB2-C2CE-431B-9BAD-838F7AC3C5D5}.Release|x86.Build.0 = Release|Win32
	EndGlobalSection
	GlobalSection(SolutionProperties) = preSolution
		HideSolutionNode = FALSE
	EndGlobalSection
	GlobalSection(ExtensibilityGlobals) = postSolution
		SolutionGuid = {19C846D5-EA55-42D6-A24B-EA306B31DF96}
	EndGlobalSection
EndGlobal
